// !$*UTF8*$!
{
	archiveVersion = 1;
	classes = {
	};
	objectVersion = 51;
	objects = {

/* Begin PBXBuildFile section */
		093D77F72455823B00E50437 /* Crawler.swift in Sources */ = {isa = PBXBuildFile; fileRef = 093D77F42455823B00E50437 /* Crawler.swift */; };
		093D77FC2456FBF300E50437 /* Person_Info.swift in Sources */ = {isa = PBXBuildFile; fileRef = 093D77FB2456FBF300E50437 /* Person_Info.swift */; };
		093D77FE24570D6900E50437 /* Notice.swift in Sources */ = {isa = PBXBuildFile; fileRef = 093D77FD24570D6900E50437 /* Notice.swift */; };
		093D78002457BB4400E50437 /* Curriculum.swift in Sources */ = {isa = PBXBuildFile; fileRef = 093D77FF2457BB4400E50437 /* Curriculum.swift */; };
		093D78022457CB5100E50437 /* Calendar.swift in Sources */ = {isa = PBXBuildFile; fileRef = 093D78012457CB5100E50437 /* Calendar.swift */; };
		093D780424581E0E00E50437 /* Grade.swift in Sources */ = {isa = PBXBuildFile; fileRef = 093D780324581E0E00E50437 /* Grade.swift */; };
		098B06E3248D655B005E3BDB /* Timetable.swift in Sources */ = {isa = PBXBuildFile; fileRef = 098B06E2248D655B005E3BDB /* Timetable.swift */; };
		098B06E9248E68EC005E3BDB /* TimeTableViewController.swift in Sources */ = {isa = PBXBuildFile; fileRef = 098B06E8248E68EC005E3BDB /* TimeTableViewController.swift */; };
		0C9068ED24887F9700C7DD8A /* planimage2.jpg in Resources */ = {isa = PBXBuildFile; fileRef = 0C9068EC24887F9700C7DD8A /* planimage2.jpg */; };
		0C9068EF2488834000C7DD8A /* gradeimage2.jpg in Resources */ = {isa = PBXBuildFile; fileRef = 0C9068EE2488834000C7DD8A /* gradeimage2.jpg */; };
		0C9068F12488A1BF00C7DD8A /* knucsepuzzle.jpg in Resources */ = {isa = PBXBuildFile; fileRef = 0C9068F02488A1BF00C7DD8A /* knucsepuzzle.jpg */; };
		0C9068F62488D2BD00C7DD8A /* splash.jpg in Resources */ = {isa = PBXBuildFile; fileRef = 0C9068F52488D2BD00C7DD8A /* splash.jpg */; };
		0C9242F32488DFAF0003C063 /* splashimg.jpg in Resources */ = {isa = PBXBuildFile; fileRef = 0C9242F22488DFAF0003C063 /* splashimg.jpg */; };
		0C9242FB248A02EC0003C063 /* 01-img-2.jpg in Resources */ = {isa = PBXBuildFile; fileRef = 0C9242FA248A02EC0003C063 /* 01-img-2.jpg */; };
		0C924307248A107B0003C063 /* cse.jpg in Resources */ = {isa = PBXBuildFile; fileRef = 0C924306248A107A0003C063 /* cse.jpg */; };
		0CD1B7F4248CBA9B003EFB2C /* 스크린샷 2020-06-07 오후 3.00.18.png in Resources */ = {isa = PBXBuildFile; fileRef = 0CD1B7F3248CBA9B003EFB2C /* 스크린샷 2020-06-07 오후 3.00.18.png */; };
		0CD1B7F6248CBE6E003EFB2C /* testt.png in Resources */ = {isa = PBXBuildFile; fileRef = 0CD1B7F5248CBE6D003EFB2C /* testt.png */; };
		0CD1B7F8248CC0BB003EFB2C /* 스크린샷 2020-06-07 오후 3.28.54.png in Resources */ = {isa = PBXBuildFile; fileRef = 0CD1B7F7248CC0BB003EFB2C /* 스크린샷 2020-06-07 오후 3.28.54.png */; };
		0CD1B7FA248CC3F2003EFB2C /* haksa.png in Resources */ = {isa = PBXBuildFile; fileRef = 0CD1B7F9248CC3F2003EFB2C /* haksa.png */; };
		0CD1B7FE248CC4B5003EFB2C /* 그림1.png in Resources */ = {isa = PBXBuildFile; fileRef = 0CD1B7FD248CC4B4003EFB2C /* 그림1.png */; };
		0CD1B806248CD20D003EFB2C /* 1111.png in Resources */ = {isa = PBXBuildFile; fileRef = 0CD1B805248CD20D003EFB2C /* 1111.png */; };
		0CD1B809248CD616003EFB2C /* 3333.png in Resources */ = {isa = PBXBuildFile; fileRef = 0CD1B807248CD616003EFB2C /* 3333.png */; };
		0CD1B80A248CD616003EFB2C /* 2222.png in Resources */ = {isa = PBXBuildFile; fileRef = 0CD1B808248CD616003EFB2C /* 2222.png */; };
		0CD1B80C248CD742003EFB2C /* KakaoTalk_Photo_2020-06-02-23-55-50.png in Resources */ = {isa = PBXBuildFile; fileRef = 0CD1B80B248CD742003EFB2C /* KakaoTalk_Photo_2020-06-02-23-55-50.png */; };
		0CD1B80F248CD7C9003EFB2C /* 15-1.jpg in Resources */ = {isa = PBXBuildFile; fileRef = 0CD1B80E248CD7C9003EFB2C /* 15-1.jpg */; };
		0CD70DB824557C2E00E673A4 /* Main.storyboard in Resources */ = {isa = PBXBuildFile; fileRef = 0CD70DB624557C2E00E673A4 /* Main.storyboard */; };
		3C6AA7CD7F49C15B68A30814 /* Pods_MAP2_20201.framework in Frameworks */ = {isa = PBXBuildFile; fileRef = 57EE6CF08F673ED04457F45F /* Pods_MAP2_20201.framework */; };
		76266A52249603E90080C7CF /* WebViewController.swift in Sources */ = {isa = PBXBuildFile; fileRef = 76266A51249603E90080C7CF /* WebViewController.swift */; };
		7648BA9D24838EDC009F4CE1 /* TableViewCellDepartment.swift in Sources */ = {isa = PBXBuildFile; fileRef = 7648BA9C24838EDC009F4CE1 /* TableViewCellDepartment.swift */; };
		7648BA9F24839030009F4CE1 /* DepartmentNoticeController.swift in Sources */ = {isa = PBXBuildFile; fileRef = 7648BA9E24839030009F4CE1 /* DepartmentNoticeController.swift */; };
		7657F6A9248613E2003E5A1E /* GradeCell.swift in Sources */ = {isa = PBXBuildFile; fileRef = 7657F6A8248613E2003E5A1E /* GradeCell.swift */; };
		7657F6AB24861466003E5A1E /* GradeController.swift in Sources */ = {isa = PBXBuildFile; fileRef = 7657F6AA24861466003E5A1E /* GradeController.swift */; };
		7670BBEA244731E500BF28B5 /* AppDelegate.swift in Sources */ = {isa = PBXBuildFile; fileRef = 7670BBE9244731E500BF28B5 /* AppDelegate.swift */; };
		7670BBEC244731E500BF28B5 /* SceneDelegate.swift in Sources */ = {isa = PBXBuildFile; fileRef = 7670BBEB244731E500BF28B5 /* SceneDelegate.swift */; };
		7670BBEE244731E500BF28B5 /* ViewController.swift in Sources */ = {isa = PBXBuildFile; fileRef = 7670BBED244731E500BF28B5 /* ViewController.swift */; };
		7670BBF3244731E600BF28B5 /* Assets.xcassets in Resources */ = {isa = PBXBuildFile; fileRef = 7670BBF2244731E600BF28B5 /* Assets.xcassets */; };
		7670BBF6244731E600BF28B5 /* LaunchScreen.storyboard in Resources */ = {isa = PBXBuildFile; fileRef = 7670BBF4244731E600BF28B5 /* LaunchScreen.storyboard */; };
		CB5F4882249109DC005002DA /* TotalCondition.swift in Sources */ = {isa = PBXBuildFile; fileRef = CB5F4881249109DC005002DA /* TotalCondition.swift */; };
		CB5F488424911512005002DA /* TotalConditionCell.swift in Sources */ = {isa = PBXBuildFile; fileRef = CB5F488324911512005002DA /* TotalConditionCell.swift */; };
		CB5F48862492780D005002DA /* ActivityIndicator.swift in Sources */ = {isa = PBXBuildFile; fileRef = CB5F48852492780D005002DA /* ActivityIndicator.swift */; };
		CB66269C24597330003F6196 /* KnuNoticeController.swift in Sources */ = {isa = PBXBuildFile; fileRef = CB66269B24597330003F6196 /* KnuNoticeController.swift */; };
		CB66269E2459784E003F6196 /* KnuNoticeCell.swift in Sources */ = {isa = PBXBuildFile; fileRef = CB66269D2459784E003F6196 /* KnuNoticeCell.swift */; };
		CBA1084024838FBB0043758A /* ComputerMajorNoticeController.swift in Sources */ = {isa = PBXBuildFile; fileRef = CBA1083F24838FBB0043758A /* ComputerMajorNoticeController.swift */; };
		CBA10842248393FF0043758A /* ComputerMajorCell.swift in Sources */ = {isa = PBXBuildFile; fileRef = CBA10841248393FF0043758A /* ComputerMajorCell.swift */; };
		CBA46F032483DA4700148CDC /* ScheduleController.swift in Sources */ = {isa = PBXBuildFile; fileRef = CBA46F022483DA4700148CDC /* ScheduleController.swift */; };
		CBA46F052483DAEE00148CDC /* ScheduleCell.swift in Sources */ = {isa = PBXBuildFile; fileRef = CBA46F042483DAEE00148CDC /* ScheduleCell.swift */; };
		CBAE1C0D248F5F7E007C7B71 /* ManageController.swift in Sources */ = {isa = PBXBuildFile; fileRef = CBAE1C0C248F5F7E007C7B71 /* ManageController.swift */; };
		CBAE1C0F248F6083007C7B71 /* ManageCell.swift in Sources */ = {isa = PBXBuildFile; fileRef = CBAE1C0E248F6083007C7B71 /* ManageCell.swift */; };
		CBAE1C11248F7365007C7B71 /* Necessary.swift in Sources */ = {isa = PBXBuildFile; fileRef = CBAE1C10248F7365007C7B71 /* Necessary.swift */; };
/* End PBXBuildFile section */

/* Begin PBXFileReference section */
		093D77F42455823B00E50437 /* Crawler.swift */ = {isa = PBXFileReference; fileEncoding = 4; lastKnownFileType = sourcecode.swift; path = Crawler.swift; sourceTree = "<group>"; };
		093D77FB2456FBF300E50437 /* Person_Info.swift */ = {isa = PBXFileReference; lastKnownFileType = sourcecode.swift; path = Person_Info.swift; sourceTree = "<group>"; };
		093D77FD24570D6900E50437 /* Notice.swift */ = {isa = PBXFileReference; fileEncoding = 4; lastKnownFileType = sourcecode.swift; path = Notice.swift; sourceTree = "<group>"; };
		093D77FF2457BB4400E50437 /* Curriculum.swift */ = {isa = PBXFileReference; lastKnownFileType = sourcecode.swift; path = Curriculum.swift; sourceTree = "<group>"; };
		093D78012457CB5100E50437 /* Calendar.swift */ = {isa = PBXFileReference; lastKnownFileType = sourcecode.swift; path = Calendar.swift; sourceTree = "<group>"; };
		093D780324581E0E00E50437 /* Grade.swift */ = {isa = PBXFileReference; lastKnownFileType = sourcecode.swift; path = Grade.swift; sourceTree = "<group>"; };
		098B06E2248D655B005E3BDB /* Timetable.swift */ = {isa = PBXFileReference; lastKnownFileType = sourcecode.swift; path = Timetable.swift; sourceTree = "<group>"; };
		098B06E8248E68EC005E3BDB /* TimeTableViewController.swift */ = {isa = PBXFileReference; lastKnownFileType = sourcecode.swift; path = TimeTableViewController.swift; sourceTree = "<group>"; };
		0C9068EC24887F9700C7DD8A /* planimage2.jpg */ = {isa = PBXFileReference; lastKnownFileType = image.jpeg; path = planimage2.jpg; sourceTree = "<group>"; };
		0C9068EE2488834000C7DD8A /* gradeimage2.jpg */ = {isa = PBXFileReference; lastKnownFileType = image.jpeg; path = gradeimage2.jpg; sourceTree = "<group>"; };
		0C9068F02488A1BF00C7DD8A /* knucsepuzzle.jpg */ = {isa = PBXFileReference; lastKnownFileType = image.jpeg; path = knucsepuzzle.jpg; sourceTree = "<group>"; };
		0C9068F52488D2BD00C7DD8A /* splash.jpg */ = {isa = PBXFileReference; lastKnownFileType = image.jpeg; path = splash.jpg; sourceTree = "<group>"; };
		0C9242F22488DFAF0003C063 /* splashimg.jpg */ = {isa = PBXFileReference; lastKnownFileType = image.jpeg; path = splashimg.jpg; sourceTree = "<group>"; };
		0C9242FA248A02EC0003C063 /* 01-img-2.jpg */ = {isa = PBXFileReference; lastKnownFileType = image.jpeg; path = "01-img-2.jpg"; sourceTree = "<group>"; };
		0C924306248A107A0003C063 /* cse.jpg */ = {isa = PBXFileReference; lastKnownFileType = image.jpeg; path = cse.jpg; sourceTree = "<group>"; };
		0CD1B7F3248CBA9B003EFB2C /* 스크린샷 2020-06-07 오후 3.00.18.png */ = {isa = PBXFileReference; lastKnownFileType = image.png; name = "스크린샷 2020-06-07 오후 3.00.18.png"; path = "../스크린샷 2020-06-07 오후 3.00.18.png"; sourceTree = "<group>"; };
		0CD1B7F5248CBE6D003EFB2C /* testt.png */ = {isa = PBXFileReference; lastKnownFileType = image.png; path = testt.png; sourceTree = "<group>"; };
		0CD1B7F7248CC0BB003EFB2C /* 스크린샷 2020-06-07 오후 3.28.54.png */ = {isa = PBXFileReference; lastKnownFileType = image.png; name = "스크린샷 2020-06-07 오후 3.28.54.png"; path = "../스크린샷 2020-06-07 오후 3.28.54.png"; sourceTree = "<group>"; };
		0CD1B7F9248CC3F2003EFB2C /* haksa.png */ = {isa = PBXFileReference; lastKnownFileType = image.png; path = haksa.png; sourceTree = "<group>"; };
		0CD1B7FD248CC4B4003EFB2C /* 그림1.png */ = {isa = PBXFileReference; lastKnownFileType = image.png; name = "그림1.png"; path = "../그림1.png"; sourceTree = "<group>"; };
		0CD1B805248CD20D003EFB2C /* 1111.png */ = {isa = PBXFileReference; lastKnownFileType = image.png; path = 1111.png; sourceTree = "<group>"; };
		0CD1B807248CD616003EFB2C /* 3333.png */ = {isa = PBXFileReference; lastKnownFileType = image.png; path = 3333.png; sourceTree = "<group>"; };
		0CD1B808248CD616003EFB2C /* 2222.png */ = {isa = PBXFileReference; lastKnownFileType = image.png; path = 2222.png; sourceTree = "<group>"; };
		0CD1B80B248CD742003EFB2C /* KakaoTalk_Photo_2020-06-02-23-55-50.png */ = {isa = PBXFileReference; lastKnownFileType = image.png; path = "KakaoTalk_Photo_2020-06-02-23-55-50.png"; sourceTree = "<group>"; };
		0CD1B80E248CD7C9003EFB2C /* 15-1.jpg */ = {isa = PBXFileReference; lastKnownFileType = image.jpeg; path = "15-1.jpg"; sourceTree = "<group>"; };
		0CD70DB724557C2E00E673A4 /* Base */ = {isa = PBXFileReference; lastKnownFileType = file.storyboard; name = Base; path = Base.lproj/Main.storyboard; sourceTree = "<group>"; };
		11B0844BC99428C1C8B20928 /* Pods-MAP2-20201.debug.xcconfig */ = {isa = PBXFileReference; includeInIndex = 1; lastKnownFileType = text.xcconfig; name = "Pods-MAP2-20201.debug.xcconfig"; path = "Target Support Files/Pods-MAP2-20201/Pods-MAP2-20201.debug.xcconfig"; sourceTree = "<group>"; };
		57EE6CF08F673ED04457F45F /* Pods_MAP2_20201.framework */ = {isa = PBXFileReference; explicitFileType = wrapper.framework; includeInIndex = 0; path = Pods_MAP2_20201.framework; sourceTree = BUILT_PRODUCTS_DIR; };
		76266A51249603E90080C7CF /* WebViewController.swift */ = {isa = PBXFileReference; lastKnownFileType = sourcecode.swift; path = WebViewController.swift; sourceTree = "<group>"; };
		7648BA9C24838EDC009F4CE1 /* TableViewCellDepartment.swift */ = {isa = PBXFileReference; lastKnownFileType = sourcecode.swift; path = TableViewCellDepartment.swift; sourceTree = "<group>"; };
		7648BA9E24839030009F4CE1 /* DepartmentNoticeController.swift */ = {isa = PBXFileReference; lastKnownFileType = sourcecode.swift; path = DepartmentNoticeController.swift; sourceTree = "<group>"; };
		7657F6A8248613E2003E5A1E /* GradeCell.swift */ = {isa = PBXFileReference; lastKnownFileType = sourcecode.swift; path = GradeCell.swift; sourceTree = "<group>"; };
		7657F6AA24861466003E5A1E /* GradeController.swift */ = {isa = PBXFileReference; lastKnownFileType = sourcecode.swift; path = GradeController.swift; sourceTree = "<group>"; };
		7670BBE6244731E500BF28B5 /* MAP2-20201.app */ = {isa = PBXFileReference; explicitFileType = wrapper.application; includeInIndex = 0; path = "MAP2-20201.app"; sourceTree = BUILT_PRODUCTS_DIR; };
		7670BBE9244731E500BF28B5 /* AppDelegate.swift */ = {isa = PBXFileReference; lastKnownFileType = sourcecode.swift; path = AppDelegate.swift; sourceTree = "<group>"; };
		7670BBEB244731E500BF28B5 /* SceneDelegate.swift */ = {isa = PBXFileReference; lastKnownFileType = sourcecode.swift; path = SceneDelegate.swift; sourceTree = "<group>"; };
		7670BBED244731E500BF28B5 /* ViewController.swift */ = {isa = PBXFileReference; lastKnownFileType = sourcecode.swift; path = ViewController.swift; sourceTree = "<group>"; };
		7670BBF2244731E600BF28B5 /* Assets.xcassets */ = {isa = PBXFileReference; lastKnownFileType = folder.assetcatalog; path = Assets.xcassets; sourceTree = "<group>"; };
		7670BBF5244731E600BF28B5 /* Base */ = {isa = PBXFileReference; lastKnownFileType = file.storyboard; name = Base; path = Base.lproj/LaunchScreen.storyboard; sourceTree = "<group>"; };
		7670BBF7244731E600BF28B5 /* Info.plist */ = {isa = PBXFileReference; lastKnownFileType = text.plist.xml; path = Info.plist; sourceTree = "<group>"; };
		C4FC4F9EE1730B6003B991FA /* Pods-MAP2-20201.release.xcconfig */ = {isa = PBXFileReference; includeInIndex = 1; lastKnownFileType = text.xcconfig; name = "Pods-MAP2-20201.release.xcconfig"; path = "Target Support Files/Pods-MAP2-20201/Pods-MAP2-20201.release.xcconfig"; sourceTree = "<group>"; };
		CB5F4881249109DC005002DA /* TotalCondition.swift */ = {isa = PBXFileReference; lastKnownFileType = sourcecode.swift; path = TotalCondition.swift; sourceTree = "<group>"; };
		CB5F488324911512005002DA /* TotalConditionCell.swift */ = {isa = PBXFileReference; lastKnownFileType = sourcecode.swift; path = TotalConditionCell.swift; sourceTree = "<group>"; };
		CB5F48852492780D005002DA /* ActivityIndicator.swift */ = {isa = PBXFileReference; lastKnownFileType = sourcecode.swift; path = ActivityIndicator.swift; sourceTree = "<group>"; };
		CB66269B24597330003F6196 /* KnuNoticeController.swift */ = {isa = PBXFileReference; lastKnownFileType = sourcecode.swift; path = KnuNoticeController.swift; sourceTree = "<group>"; };
		CB66269D2459784E003F6196 /* KnuNoticeCell.swift */ = {isa = PBXFileReference; lastKnownFileType = sourcecode.swift; path = KnuNoticeCell.swift; sourceTree = "<group>"; };
		CBA1083F24838FBB0043758A /* ComputerMajorNoticeController.swift */ = {isa = PBXFileReference; lastKnownFileType = sourcecode.swift; path = ComputerMajorNoticeController.swift; sourceTree = "<group>"; };
		CBA10841248393FF0043758A /* ComputerMajorCell.swift */ = {isa = PBXFileReference; lastKnownFileType = sourcecode.swift; path = ComputerMajorCell.swift; sourceTree = "<group>"; };
		CBA46F022483DA4700148CDC /* ScheduleController.swift */ = {isa = PBXFileReference; lastKnownFileType = sourcecode.swift; path = ScheduleController.swift; sourceTree = "<group>"; };
		CBA46F042483DAEE00148CDC /* ScheduleCell.swift */ = {isa = PBXFileReference; lastKnownFileType = sourcecode.swift; path = ScheduleCell.swift; sourceTree = "<group>"; };
		CBAE1C0C248F5F7E007C7B71 /* ManageController.swift */ = {isa = PBXFileReference; lastKnownFileType = sourcecode.swift; path = ManageController.swift; sourceTree = "<group>"; };
		CBAE1C0E248F6083007C7B71 /* ManageCell.swift */ = {isa = PBXFileReference; lastKnownFileType = sourcecode.swift; path = ManageCell.swift; sourceTree = "<group>"; };
		CBAE1C10248F7365007C7B71 /* Necessary.swift */ = {isa = PBXFileReference; lastKnownFileType = sourcecode.swift; path = Necessary.swift; sourceTree = "<group>"; };
/* End PBXFileReference section */

/* Begin PBXFrameworksBuildPhase section */
		7670BBE3244731E500BF28B5 /* Frameworks */ = {
			isa = PBXFrameworksBuildPhase;
			buildActionMask = 2147483647;
			files = (
				3C6AA7CD7F49C15B68A30814 /* Pods_MAP2_20201.framework in Frameworks */,
			);
			runOnlyForDeploymentPostprocessing = 0;
		};
/* End PBXFrameworksBuildPhase section */

/* Begin PBXGroup section */
		0CD1B7FF248CC6E0003EFB2C /* img */ = {
			isa = PBXGroup;
			children = (
				0CD1B7F3248CBA9B003EFB2C /* 스크린샷 2020-06-07 오후 3.00.18.png */,
				0CD1B80E248CD7C9003EFB2C /* 15-1.jpg */,
				0CD1B80B248CD742003EFB2C /* KakaoTalk_Photo_2020-06-02-23-55-50.png */,
				0CD1B805248CD20D003EFB2C /* 1111.png */,
				0CD1B808248CD616003EFB2C /* 2222.png */,
				0CD1B807248CD616003EFB2C /* 3333.png */,
				0CD1B7F9248CC3F2003EFB2C /* haksa.png */,
				0C9242FA248A02EC0003C063 /* 01-img-2.jpg */,
				0C9242F22488DFAF0003C063 /* splashimg.jpg */,
				0C924306248A107A0003C063 /* cse.jpg */,
				0CD1B7FD248CC4B4003EFB2C /* 그림1.png */,
				0C9068EE2488834000C7DD8A /* gradeimage2.jpg */,
				0CD1B7F5248CBE6D003EFB2C /* testt.png */,
				0CD1B7F7248CC0BB003EFB2C /* 스크린샷 2020-06-07 오후 3.28.54.png */,
				0C9068EC24887F9700C7DD8A /* planimage2.jpg */,
				0C9068F02488A1BF00C7DD8A /* knucsepuzzle.jpg */,
			);
			path = img;
			sourceTree = "<group>";
		};
		3A133269C8B1551DE13F8415 /* Pods */ = {
			isa = PBXGroup;
			children = (
				11B0844BC99428C1C8B20928 /* Pods-MAP2-20201.debug.xcconfig */,
				C4FC4F9EE1730B6003B991FA /* Pods-MAP2-20201.release.xcconfig */,
			);
			path = Pods;
			sourceTree = "<group>";
		};
		7670BBDD244731E500BF28B5 = {
			isa = PBXGroup;
			children = (
				7670BBE8244731E500BF28B5 /* MAP2-20201 */,
				7670BBE7244731E500BF28B5 /* Products */,
				3A133269C8B1551DE13F8415 /* Pods */,
				9A7F9F1F159EF6C65DFDBBC1 /* Frameworks */,
			);
			sourceTree = "<group>";
		};
		7670BBE7244731E500BF28B5 /* Products */ = {
			isa = PBXGroup;
			children = (
				7670BBE6244731E500BF28B5 /* MAP2-20201.app */,
			);
			name = Products;
			sourceTree = "<group>";
		};
		7670BBE8244731E500BF28B5 /* MAP2-20201 */ = {
			isa = PBXGroup;
			children = (
				76F4C8A524476951001AB005 /* Controller */,
				76F4C8A424476948001AB005 /* View */,
				76F4C8A324476917001AB005 /* Model */,
				7670BBE9244731E500BF28B5 /* AppDelegate.swift */,
				7670BBEB244731E500BF28B5 /* SceneDelegate.swift */,
				7670BBF2244731E600BF28B5 /* Assets.xcassets */,
				7670BBF7244731E600BF28B5 /* Info.plist */,
			);
			path = "MAP2-20201";
			sourceTree = "<group>";
		};
		76F4C8A324476917001AB005 /* Model */ = {
			isa = PBXGroup;
			children = (
				CB66269D2459784E003F6196 /* KnuNoticeCell.swift */,
				093D77F42455823B00E50437 /* Crawler.swift */,
				093D77FB2456FBF300E50437 /* Person_Info.swift */,
				093D77FD24570D6900E50437 /* Notice.swift */,
				093D77FF2457BB4400E50437 /* Curriculum.swift */,
				093D78012457CB5100E50437 /* Calendar.swift */,
				CBA10841248393FF0043758A /* ComputerMajorCell.swift */,
				7648BA9C24838EDC009F4CE1 /* TableViewCellDepartment.swift */,
				093D780324581E0E00E50437 /* Grade.swift */,
				7657F6A8248613E2003E5A1E /* GradeCell.swift */,
				098B06E2248D655B005E3BDB /* Timetable.swift */,
				CBA46F042483DAEE00148CDC /* ScheduleCell.swift */,
				CBAE1C0E248F6083007C7B71 /* ManageCell.swift */,
				CBAE1C10248F7365007C7B71 /* Necessary.swift */,
				CB5F4881249109DC005002DA /* TotalCondition.swift */,
				CB5F488324911512005002DA /* TotalConditionCell.swift */,
			);
			path = Model;
			sourceTree = "<group>";
		};
		76F4C8A424476948001AB005 /* View */ = {
			isa = PBXGroup;
			children = (
				0CD1B7FF248CC6E0003EFB2C /* img */,
				7670BBF4244731E600BF28B5 /* LaunchScreen.storyboard */,
				0CD70DB624557C2E00E673A4 /* Main.storyboard */,
				CB5F48852492780D005002DA /* ActivityIndicator.swift */,
			);
			path = View;
			sourceTree = "<group>";
		};
		76F4C8A524476951001AB005 /* Controller */ = {
			isa = PBXGroup;
			children = (
				0C9068F52488D2BD00C7DD8A /* splash.jpg */,
				7670BBED244731E500BF28B5 /* ViewController.swift */,
				CB66269B24597330003F6196 /* KnuNoticeController.swift */,
				CBA1083F24838FBB0043758A /* ComputerMajorNoticeController.swift */,
				7648BA9E24839030009F4CE1 /* DepartmentNoticeController.swift */,
				7657F6AA24861466003E5A1E /* GradeController.swift */,
				098B06E8248E68EC005E3BDB /* TimeTableViewController.swift */,
				CBA46F022483DA4700148CDC /* ScheduleController.swift */,
				CBAE1C0C248F5F7E007C7B71 /* ManageController.swift */,
				76266A51249603E90080C7CF /* WebViewController.swift */,
			);
			path = Controller;
			sourceTree = "<group>";
		};
		9A7F9F1F159EF6C65DFDBBC1 /* Frameworks */ = {
			isa = PBXGroup;
			children = (
				57EE6CF08F673ED04457F45F /* Pods_MAP2_20201.framework */,
			);
			name = Frameworks;
			sourceTree = "<group>";
		};
/* End PBXGroup section */

/* Begin PBXNativeTarget section */
		7670BBE5244731E500BF28B5 /* MAP2-20201 */ = {
			isa = PBXNativeTarget;
			buildConfigurationList = 7670BBFA244731E600BF28B5 /* Build configuration list for PBXNativeTarget "MAP2-20201" */;
			buildPhases = (
				710443C5ABD647F4B2A7F5CF /* [CP] Check Pods Manifest.lock */,
				7670BBE2244731E500BF28B5 /* Sources */,
				7670BBE3244731E500BF28B5 /* Frameworks */,
				7670BBE4244731E500BF28B5 /* Resources */,
				6FD79C320988F6A30B574F09 /* [CP] Embed Pods Frameworks */,
			);
			buildRules = (
			);
			dependencies = (
			);
			name = "MAP2-20201";
			productName = "MAP2-20201";
			productReference = 7670BBE6244731E500BF28B5 /* MAP2-20201.app */;
			productType = "com.apple.product-type.application";
		};
/* End PBXNativeTarget section */

/* Begin PBXProject section */
		7670BBDE244731E500BF28B5 /* Project object */ = {
			isa = PBXProject;
			attributes = {
				LastSwiftUpdateCheck = 1140;
				LastUpgradeCheck = 1140;
				ORGANIZATIONNAME = COMP420;
				TargetAttributes = {
					7670BBE5244731E500BF28B5 = {
						CreatedOnToolsVersion = 11.4;
					};
				};
			};
			buildConfigurationList = 7670BBE1244731E500BF28B5 /* Build configuration list for PBXProject "MAP2-20201" */;
			compatibilityVersion = "Xcode 9.3";
			developmentRegion = en;
			hasScannedForEncodings = 0;
			knownRegions = (
				en,
				Base,
			);
			mainGroup = 7670BBDD244731E500BF28B5;
			productRefGroup = 7670BBE7244731E500BF28B5 /* Products */;
			projectDirPath = "";
			projectRoot = "";
			targets = (
				7670BBE5244731E500BF28B5 /* MAP2-20201 */,
			);
		};
/* End PBXProject section */

/* Begin PBXResourcesBuildPhase section */
		7670BBE4244731E500BF28B5 /* Resources */ = {
			isa = PBXResourcesBuildPhase;
			buildActionMask = 2147483647;
			files = (
				0CD1B7F4248CBA9B003EFB2C /* 스크린샷 2020-06-07 오후 3.00.18.png in Resources */,
				0C9068EF2488834000C7DD8A /* gradeimage2.jpg in Resources */,
				0CD1B80C248CD742003EFB2C /* KakaoTalk_Photo_2020-06-02-23-55-50.png in Resources */,
				0CD1B7F6248CBE6E003EFB2C /* testt.png in Resources */,
				0C9242FB248A02EC0003C063 /* 01-img-2.jpg in Resources */,
				0C9068ED24887F9700C7DD8A /* planimage2.jpg in Resources */,
				0CD70DB824557C2E00E673A4 /* Main.storyboard in Resources */,
				0C9068F62488D2BD00C7DD8A /* splash.jpg in Resources */,
				0CD1B7FE248CC4B5003EFB2C /* 그림1.png in Resources */,
				0C9242F32488DFAF0003C063 /* splashimg.jpg in Resources */,
				0CD1B809248CD616003EFB2C /* 3333.png in Resources */,
				0CD1B80A248CD616003EFB2C /* 2222.png in Resources */,
				0CD1B806248CD20D003EFB2C /* 1111.png in Resources */,
				0C9068F12488A1BF00C7DD8A /* knucsepuzzle.jpg in Resources */,
				0CD1B7FA248CC3F2003EFB2C /* haksa.png in Resources */,
				0C924307248A107B0003C063 /* cse.jpg in Resources */,
				7670BBF6244731E600BF28B5 /* LaunchScreen.storyboard in Resources */,
				7670BBF3244731E600BF28B5 /* Assets.xcassets in Resources */,
				0CD1B7F8248CC0BB003EFB2C /* 스크린샷 2020-06-07 오후 3.28.54.png in Resources */,
				0CD1B80F248CD7C9003EFB2C /* 15-1.jpg in Resources */,
			);
			runOnlyForDeploymentPostprocessing = 0;
		};
/* End PBXResourcesBuildPhase section */

/* Begin PBXShellScriptBuildPhase section */
		6FD79C320988F6A30B574F09 /* [CP] Embed Pods Frameworks */ = {
			isa = PBXShellScriptBuildPhase;
			buildActionMask = 2147483647;
			files = (
			);
			inputFileListPaths = (
				"${PODS_ROOT}/Target Support Files/Pods-MAP2-20201/Pods-MAP2-20201-frameworks-${CONFIGURATION}-input-files.xcfilelist",
			);
			name = "[CP] Embed Pods Frameworks";
			outputFileListPaths = (
				"${PODS_ROOT}/Target Support Files/Pods-MAP2-20201/Pods-MAP2-20201-frameworks-${CONFIGURATION}-output-files.xcfilelist",
			);
			runOnlyForDeploymentPostprocessing = 0;
			shellPath = /bin/sh;
			shellScript = "\"${PODS_ROOT}/Target Support Files/Pods-MAP2-20201/Pods-MAP2-20201-frameworks.sh\"\n";
			showEnvVarsInLog = 0;
		};
		710443C5ABD647F4B2A7F5CF /* [CP] Check Pods Manifest.lock */ = {
			isa = PBXShellScriptBuildPhase;
			buildActionMask = 2147483647;
			files = (
			);
			inputFileListPaths = (
			);
			inputPaths = (
				"${PODS_PODFILE_DIR_PATH}/Podfile.lock",
				"${PODS_ROOT}/Manifest.lock",
			);
			name = "[CP] Check Pods Manifest.lock";
			outputFileListPaths = (
			);
			outputPaths = (
				"$(DERIVED_FILE_DIR)/Pods-MAP2-20201-checkManifestLockResult.txt",
			);
			runOnlyForDeploymentPostprocessing = 0;
			shellPath = /bin/sh;
			shellScript = "diff \"${PODS_PODFILE_DIR_PATH}/Podfile.lock\" \"${PODS_ROOT}/Manifest.lock\" > /dev/null\nif [ $? != 0 ] ; then\n    # print error to STDERR\n    echo \"error: The sandbox is not in sync with the Podfile.lock. Run 'pod install' or update your CocoaPods installation.\" >&2\n    exit 1\nfi\n# This output is used by Xcode 'outputs' to avoid re-running this script phase.\necho \"SUCCESS\" > \"${SCRIPT_OUTPUT_FILE_0}\"\n";
			showEnvVarsInLog = 0;
		};
/* End PBXShellScriptBuildPhase section */

/* Begin PBXSourcesBuildPhase section */
		7670BBE2244731E500BF28B5 /* Sources */ = {
			isa = PBXSourcesBuildPhase;
			buildActionMask = 2147483647;
			files = (
				CB5F488424911512005002DA /* TotalConditionCell.swift in Sources */,
				093D77F72455823B00E50437 /* Crawler.swift in Sources */,
				098B06E3248D655B005E3BDB /* Timetable.swift in Sources */,
				CBAE1C0D248F5F7E007C7B71 /* ManageController.swift in Sources */,
				7670BBEE244731E500BF28B5 /* ViewController.swift in Sources */,
				CBA10842248393FF0043758A /* ComputerMajorCell.swift in Sources */,
				098B06E9248E68EC005E3BDB /* TimeTableViewController.swift in Sources */,
				7648BA9F24839030009F4CE1 /* DepartmentNoticeController.swift in Sources */,
				CBA46F032483DA4700148CDC /* ScheduleController.swift in Sources */,
				CBAE1C11248F7365007C7B71 /* Necessary.swift in Sources */,
				CBA46F052483DAEE00148CDC /* ScheduleCell.swift in Sources */,
				76266A52249603E90080C7CF /* WebViewController.swift in Sources */,
				093D780424581E0E00E50437 /* Grade.swift in Sources */,
				7657F6AB24861466003E5A1E /* GradeController.swift in Sources */,
				CB5F4882249109DC005002DA /* TotalCondition.swift in Sources */,
				093D77FE24570D6900E50437 /* Notice.swift in Sources */,
				CB66269E2459784E003F6196 /* KnuNoticeCell.swift in Sources */,
				CB5F48862492780D005002DA /* ActivityIndicator.swift in Sources */,
				CB66269C24597330003F6196 /* KnuNoticeController.swift in Sources */,
				093D78022457CB5100E50437 /* Calendar.swift in Sources */,
				CBA1084024838FBB0043758A /* ComputerMajorNoticeController.swift in Sources */,
				093D77FC2456FBF300E50437 /* Person_Info.swift in Sources */,
				7670BBEA244731E500BF28B5 /* AppDelegate.swift in Sources */,
				7648BA9D24838EDC009F4CE1 /* TableViewCellDepartment.swift in Sources */,
				7657F6A9248613E2003E5A1E /* GradeCell.swift in Sources */,
				7670BBEC244731E500BF28B5 /* SceneDelegate.swift in Sources */,
				CBAE1C0F248F6083007C7B71 /* ManageCell.swift in Sources */,
				093D78002457BB4400E50437 /* Curriculum.swift in Sources */,
			);
			runOnlyForDeploymentPostprocessing = 0;
		};
/* End PBXSourcesBuildPhase section */

/* Begin PBXVariantGroup section */
		0CD70DB624557C2E00E673A4 /* Main.storyboard */ = {
			isa = PBXVariantGroup;
			children = (
				0CD70DB724557C2E00E673A4 /* Base */,
			);
			name = Main.storyboard;
			sourceTree = "<group>";
		};
		7670BBF4244731E600BF28B5 /* LaunchScreen.storyboard */ = {
			isa = PBXVariantGroup;
			children = (
				7670BBF5244731E600BF28B5 /* Base */,
			);
			name = LaunchScreen.storyboard;
			sourceTree = "<group>";
		};
/* End PBXVariantGroup section */

/* Begin XCBuildConfiguration section */
		7670BBF8244731E600BF28B5 /* Debug */ = {
			isa = XCBuildConfiguration;
			buildSettings = {
				ALWAYS_SEARCH_USER_PATHS = NO;
				CLANG_ANALYZER_NONNULL = YES;
				CLANG_ANALYZER_NUMBER_OBJECT_CONVERSION = YES_AGGRESSIVE;
				CLANG_CXX_LANGUAGE_STANDARD = "gnu++14";
				CLANG_CXX_LIBRARY = "libc++";
				CLANG_ENABLE_MODULES = YES;
				CLANG_ENABLE_OBJC_ARC = YES;
				CLANG_ENABLE_OBJC_WEAK = YES;
				CLANG_WARN_BLOCK_CAPTURE_AUTORELEASING = YES;
				CLANG_WARN_BOOL_CONVERSION = YES;
				CLANG_WARN_COMMA = YES;
				CLANG_WARN_CONSTANT_CONVERSION = YES;
				CLANG_WARN_DEPRECATED_OBJC_IMPLEMENTATIONS = YES;
				CLANG_WARN_DIRECT_OBJC_ISA_USAGE = YES_ERROR;
				CLANG_WARN_DOCUMENTATION_COMMENTS = YES;
				CLANG_WARN_EMPTY_BODY = YES;
				CLANG_WARN_ENUM_CONVERSION = YES;
				CLANG_WARN_INFINITE_RECURSION = YES;
				CLANG_WARN_INT_CONVERSION = YES;
				CLANG_WARN_NON_LITERAL_NULL_CONVERSION = YES;
				CLANG_WARN_OBJC_IMPLICIT_RETAIN_SELF = YES;
				CLANG_WARN_OBJC_LITERAL_CONVERSION = YES;
				CLANG_WARN_OBJC_ROOT_CLASS = YES_ERROR;
				CLANG_WARN_RANGE_LOOP_ANALYSIS = YES;
				CLANG_WARN_STRICT_PROTOTYPES = YES;
				CLANG_WARN_SUSPICIOUS_MOVE = YES;
				CLANG_WARN_UNGUARDED_AVAILABILITY = YES_AGGRESSIVE;
				CLANG_WARN_UNREACHABLE_CODE = YES;
				CLANG_WARN__DUPLICATE_METHOD_MATCH = YES;
				COPY_PHASE_STRIP = NO;
				DEBUG_INFORMATION_FORMAT = dwarf;
				ENABLE_STRICT_OBJC_MSGSEND = YES;
				ENABLE_TESTABILITY = YES;
				GCC_C_LANGUAGE_STANDARD = gnu11;
				GCC_DYNAMIC_NO_PIC = NO;
				GCC_NO_COMMON_BLOCKS = YES;
				GCC_OPTIMIZATION_LEVEL = 0;
				GCC_PREPROCESSOR_DEFINITIONS = (
					"DEBUG=1",
					"$(inherited)",
				);
				GCC_WARN_64_TO_32_BIT_CONVERSION = YES;
				GCC_WARN_ABOUT_RETURN_TYPE = YES_ERROR;
				GCC_WARN_UNDECLARED_SELECTOR = YES;
				GCC_WARN_UNINITIALIZED_AUTOS = YES_AGGRESSIVE;
				GCC_WARN_UNUSED_FUNCTION = YES;
				GCC_WARN_UNUSED_VARIABLE = YES;
				IPHONEOS_DEPLOYMENT_TARGET = 13.4;
				MTL_ENABLE_DEBUG_INFO = INCLUDE_SOURCE;
				MTL_FAST_MATH = YES;
				ONLY_ACTIVE_ARCH = YES;
				SDKROOT = iphoneos;
				SWIFT_ACTIVE_COMPILATION_CONDITIONS = DEBUG;
				SWIFT_OPTIMIZATION_LEVEL = "-Onone";
			};
			name = Debug;
		};
		7670BBF9244731E600BF28B5 /* Release */ = {
			isa = XCBuildConfiguration;
			buildSettings = {
				ALWAYS_SEARCH_USER_PATHS = NO;
				CLANG_ANALYZER_NONNULL = YES;
				CLANG_ANALYZER_NUMBER_OBJECT_CONVERSION = YES_AGGRESSIVE;
				CLANG_CXX_LANGUAGE_STANDARD = "gnu++14";
				CLANG_CXX_LIBRARY = "libc++";
				CLANG_ENABLE_MODULES = YES;
				CLANG_ENABLE_OBJC_ARC = YES;
				CLANG_ENABLE_OBJC_WEAK = YES;
				CLANG_WARN_BLOCK_CAPTURE_AUTORELEASING = YES;
				CLANG_WARN_BOOL_CONVERSION = YES;
				CLANG_WARN_COMMA = YES;
				CLANG_WARN_CONSTANT_CONVERSION = YES;
				CLANG_WARN_DEPRECATED_OBJC_IMPLEMENTATIONS = YES;
				CLANG_WARN_DIRECT_OBJC_ISA_USAGE = YES_ERROR;
				CLANG_WARN_DOCUMENTATION_COMMENTS = YES;
				CLANG_WARN_EMPTY_BODY = YES;
				CLANG_WARN_ENUM_CONVERSION = YES;
				CLANG_WARN_INFINITE_RECURSION = YES;
				CLANG_WARN_INT_CONVERSION = YES;
				CLANG_WARN_NON_LITERAL_NULL_CONVERSION = YES;
				CLANG_WARN_OBJC_IMPLICIT_RETAIN_SELF = YES;
				CLANG_WARN_OBJC_LITERAL_CONVERSION = YES;
				CLANG_WARN_OBJC_ROOT_CLASS = YES_ERROR;
				CLANG_WARN_RANGE_LOOP_ANALYSIS = YES;
				CLANG_WARN_STRICT_PROTOTYPES = YES;
				CLANG_WARN_SUSPICIOUS_MOVE = YES;
				CLANG_WARN_UNGUARDED_AVAILABILITY = YES_AGGRESSIVE;
				CLANG_WARN_UNREACHABLE_CODE = YES;
				CLANG_WARN__DUPLICATE_METHOD_MATCH = YES;
				COPY_PHASE_STRIP = NO;
				DEBUG_INFORMATION_FORMAT = "dwarf-with-dsym";
				ENABLE_NS_ASSERTIONS = NO;
				ENABLE_STRICT_OBJC_MSGSEND = YES;
				GCC_C_LANGUAGE_STANDARD = gnu11;
				GCC_NO_COMMON_BLOCKS = YES;
				GCC_WARN_64_TO_32_BIT_CONVERSION = YES;
				GCC_WARN_ABOUT_RETURN_TYPE = YES_ERROR;
				GCC_WARN_UNDECLARED_SELECTOR = YES;
				GCC_WARN_UNINITIALIZED_AUTOS = YES_AGGRESSIVE;
				GCC_WARN_UNUSED_FUNCTION = YES;
				GCC_WARN_UNUSED_VARIABLE = YES;
				IPHONEOS_DEPLOYMENT_TARGET = 13.4;
				MTL_ENABLE_DEBUG_INFO = NO;
				MTL_FAST_MATH = YES;
				SDKROOT = iphoneos;
				SWIFT_COMPILATION_MODE = wholemodule;
				SWIFT_OPTIMIZATION_LEVEL = "-O";
				VALIDATE_PRODUCT = YES;
			};
			name = Release;
		};
		7670BBFB244731E600BF28B5 /* Debug */ = {
			isa = XCBuildConfiguration;
			baseConfigurationReference = 11B0844BC99428C1C8B20928 /* Pods-MAP2-20201.debug.xcconfig */;
			buildSettings = {
				ASSETCATALOG_COMPILER_APPICON_NAME = AppIcon;
				CODE_SIGN_STYLE = Automatic;
				INFOPLIST_FILE = "MAP2-20201/Info.plist";
				IPHONEOS_DEPLOYMENT_TARGET = 13.2;
				LD_RUNPATH_SEARCH_PATHS = (
					"$(inherited)",
					"@executable_path/Frameworks",
				);
				PRODUCT_BUNDLE_IDENTIFIER = "kr.ac.knu.comp420.2015110115.MAP2-20201";
				PRODUCT_NAME = "$(TARGET_NAME)";
				SWIFT_VERSION = 5.0;
				TARGETED_DEVICE_FAMILY = "1,2";
			};
			name = Debug;
		};
		7670BBFC244731E600BF28B5 /* Release */ = {
			isa = XCBuildConfiguration;
			baseConfigurationReference = C4FC4F9EE1730B6003B991FA /* Pods-MAP2-20201.release.xcconfig */;
			buildSettings = {
				ASSETCATALOG_COMPILER_APPICON_NAME = AppIcon;
				CODE_SIGN_STYLE = Automatic;
				INFOPLIST_FILE = "MAP2-20201/Info.plist";
				IPHONEOS_DEPLOYMENT_TARGET = 13.2;
				LD_RUNPATH_SEARCH_PATHS = (
					"$(inherited)",
					"@executable_path/Frameworks",
				);
				PRODUCT_BUNDLE_IDENTIFIER = "kr.ac.knu.comp420.2015110115.MAP2-20201";
				PRODUCT_NAME = "$(TARGET_NAME)";
				SWIFT_VERSION = 5.0;
				TARGETED_DEVICE_FAMILY = "1,2";
			};
			name = Release;
		};
/* End XCBuildConfiguration section */

/* Begin XCConfigurationList section */
		7670BBE1244731E500BF28B5 /* Build configuration list for PBXProject "MAP2-20201" */ = {
			isa = XCConfigurationList;
			buildConfigurations = (
				7670BBF8244731E600BF28B5 /* Debug */,
				7670BBF9244731E600BF28B5 /* Release */,
			);
			defaultConfigurationIsVisible = 0;
			defaultConfigurationName = Release;
		};
		7670BBFA244731E600BF28B5 /* Build configuration list for PBXNativeTarget "MAP2-20201" */ = {
			isa = XCConfigurationList;
			buildConfigurations = (
				7670BBFB244731E600BF28B5 /* Debug */,
				7670BBFC244731E600BF28B5 /* Release */,
			);
			defaultConfigurationIsVisible = 0;
			defaultConfigurationName = Release;
		};
/* End XCConfigurationList section */
	};
	rootObject = 7670BBDE244731E500BF28B5 /* Project object */;
}
